
Microsoft Visual Studio Solution File, Format Version 12.00
# Visual Studio Version 17
VisualStudioVersion = 17.14.36109.1 d17.14
MinimumVisualStudioVersion = 10.0.40219.1
Project("{FAE04EC0-301F-11D3-BF4B-00C04F79EFBC}") = "TaskManager", "TaskManager.csproj", "{CEAC93B2-9609-4AD8-82FE-202CDE74D13D}"
EndProject
Global
	GlobalSection(SolutionConfigurationPlatforms) = preSolution
		Debug|Any CPU = Debug|Any CPU
		Release|Any CPU = Release|Any CPU
	EndGlobalSection
	GlobalSection(ProjectConfigurationPlatforms) = postSolution
		{CEAC93B2-9609-4AD8-82FE-202CDE74D13D}.Debug|Any CPU.ActiveCfg = Debug|Any CPU
		{CEAC93B2-9609-4AD8-82FE-202CDE74D13D}.Debug|Any CPU.Build.0 = Debug|Any CPU
		{CEAC93B2-9609-4AD8-82FE-202CDE74D13D}.Release|Any CPU.ActiveCfg = Release|Any CPU
		{CEAC93B2-9609-4AD8-82FE-202CDE74D13D}.Release|Any CPU.Build.0 = Release|Any CPU
	EndGlobalSection
	GlobalSection(SolutionProperties) = preSolution
		HideSolutionNode = FALSE
	EndGlobalSection
	GlobalSection(ExtensibilityGlobals) = postSolution
		SolutionGuid = {742A5CE4-6874-43F2-8E30-4BA4B3205ED4}
	EndGlobalSection
EndGlobal
